
Microsoft Visual Studio Solution File, Format Version 12.00
# Visual Studio Version 16
VisualStudioVersion = 16.0.31702.278
MinimumVisualStudioVersion = 10.0.40219.1
Project("{9A19103F-16F7-4668-BE54-9A1E7A4F7556}") = "1", "1.csproj", "{53F0932E-7766-4C3A-A30C-B391D203D509}"
EndProject
Global
	GlobalSection(SolutionConfigurationPlatforms) = preSolution
		Debug|Any CPU = Debug|Any CPU
		Debug|x64 = Debug|x64
		Release|Any CPU = Release|Any CPU
		Release|x64 = Release|x64
	EndGlobalSection
	GlobalSection(ProjectConfigurationPlatforms) = postSolution
		{53F0932E-7766-4C3A-A30C-B391D203D509}.Debug|Any CPU.ActiveCfg = Debug|Any CPU
		{53F0932E-7766-4C3A-A30C-B391D203D509}.Debug|Any CPU.Build.0 = Debug|Any CPU
		{53F0932E-7766-4C3A-A30C-B391D203D509}.Debug|x64.ActiveCfg = Debug|x64
		{53F0932E-7766-4C3A-A30C-B391D203D509}.Debug|x64.Build.0 = Debug|x64
		{53F0932E-7766-4C3A-A30C-B391D203D509}.Release|Any CPU.ActiveCfg = Release|Any CPU
		{53F0932E-7766-4C3A-A30C-B391D203D509}.Release|Any CPU.Build.0 = Release|Any CPU
		{53F0932E-7766-4C3A-A30C-B391D203D509}.Release|x64.ActiveCfg = Release|x64
		{53F0932E-7766-4C3A-A30C-B391D203D509}.Release|x64.Build.0 = Release|x64
	EndGlobalSection
	GlobalSection(SolutionProperties) = preSolution
		HideSolutionNode = FALSE
	EndGlobalSection
	GlobalSection(ExtensibilityGlobals) = postSolution
		SolutionGuid = {9EC14E55-7013-4969-8EF1-AB41456F5D56}
	EndGlobalSection
EndGlobal
